{
  "version": 4,
  "terraform_version": "1.5.7",
  "serial": 25,
  "lineage": "92e4413e-5ef9-022d-33fd-691b41efe459",
  "outputs": {},
  "resources": [
    {
      "mode": "managed",
      "type": "digitalocean_droplet",
      "name": "vm",
      "provider": "provider[\"registry.terraform.io/digitalocean/digitalocean\"]",
      "instances": [
        {
          "schema_version": 1,
          "attributes": {
            "backups": false,
            "created_at": "2023-10-10T08:56:20Z",
            "disk": 80,
            "id": "378943129",
            "image": "debian-12-x64",
            "ipv4_address": "104.248.195.240",
            "ipv4_address_private": "10.110.0.3",
            "ipv6": false,
            "ipv6_address": "",
            "ipv6_address_private": null,
            "locked": false,
            "memory": 4096,
            "monitoring": false,
            "name": "mahaut",
            "price_hourly": 0.03571,
            "price_monthly": 24,
            "private_networking": true,
            "region": "ams3",
            "resize_disk": true,
            "size": "s-2vcpu-4gb",
            "ssh_keys": [
              "71:08:02:c7:aa:16:dc:df:20:f2:85:84:f5:19:a3:49"
            ],
            "status": "active",
            "tags": null,
            "urn": "do:droplet:378943129",
            "user_data": "bac37998346addb4289048cb032c56582fc0c5e3",
            "vcpus": 2,
            "volume_ids": [],
            "vpc_uuid": "12bc9ac2-284a-4cba-a948-b59982dd19db"
          },
          "sensitive_attributes": [],
          "private": "eyJzY2hlbWFfdmVyc2lvbiI6IjEifQ==",
          "dependencies": [
            "digitalocean_ssh_key.default"
          ]
        }
      ]
    },
    {
      "mode": "managed",
      "type": "digitalocean_ssh_key",
      "name": "default",
      "provider": "provider[\"registry.terraform.io/digitalocean/digitalocean\"]",
      "instances": [
        {
          "schema_version": 0,
          "attributes": {
            "fingerprint": "71:08:02:c7:aa:16:dc:df:20:f2:85:84:f5:19:a3:49",
            "id": "39646667",
            "name": "do-mdm-key",
            "public_key": "ssh-rsa AAAAB3NzaC1yc2EAAAADAQABAAABgQCT1y2XbPLxgchvWQ6TzgABQpBW8/TDWYpgze6SDhXhL51AizjskccnGn5JVkoI2KFrI6UZe4mE1kd2vGRph1/CHIoIk6m0ppg331XecQuQ+J78x9e7re37S6kDGvdddIKicqlwCxFXJ48/B2kZ6ZGWt30Q1JOU3F3BwICx2wSedWEUQXprRZHjT99q8ok6tjKmpjtvh1f6km5eghRbPJb7FeFFudz/Rx1JgyZVbTIl12KAHUmoOFKEEkeDux0gVCd0waB5mNGxnBhCP/wmoUoHDm+KgWRmMmnTYAdRUsNlqT2IGXGi/8OgSv68dHgIj8CBkhI+eQ3IACbD0Q3io0R+GosaBWkeM1wthr3wDbpIyLosIE178xrjQAiSgAUbbZZ6sJm62Y55MSILX3thAr3OZ4uWJIdn60jSTewjZbuk4nPmOvURzv1brFLZHaUJwN6+lyXa3DxBtF52nS8nhdo8DG6pB6bPcb13LmzVaEjfndtFp8hBDHdi1zaumhxm5ls= aureliano@aureliano-HP-EliteBook-1050-G1\n"
          },
          "sensitive_attributes": [],
          "private": "bnVsbA=="
        }
      ]
    }
  ],
  "check_results": null
}
